
Microsoft Visual Studio Solution File, Format Version 12.00
# Visual Studio 15
VisualStudioVersion = 15.0.27428.2043
MinimumVisualStudioVersion = 10.0.40219.1
Project("{FAE04EC0-301F-11D3-BF4B-00C04F79EFBC}") = "iFaceRecognition", "iFaceRecognition\iFaceRecognition.csproj", "{B6D81932-EB58-46C4-BE21-9F7EFA6DC626}"
EndProject
Global
	GlobalSection(SolutionConfigurationPlatforms) = preSolution
		Debug|Any CPU = Debug|Any CPU
		Release|Any CPU = Release|Any CPU
	EndGlobalSection
	GlobalSection(ProjectConfigurationPlatforms) = postSolution
		{B6D81932-EB58-46C4-BE21-9F7EFA6DC626}.Debug|Any CPU.ActiveCfg = Debug|Any CPU
		{B6D81932-EB58-46C4-BE21-9F7EFA6DC626}.Debug|Any CPU.Build.0 = Debug|Any CPU
		{B6D81932-EB58-46C4-BE21-9F7EFA6DC626}.Release|Any CPU.ActiveCfg = Release|Any CPU
		{B6D81932-EB58-46C4-BE21-9F7EFA6DC626}.Release|Any CPU.Build.0 = Release|Any CPU
	EndGlobalSection
	GlobalSection(SolutionProperties) = preSolution
		HideSolutionNode = FALSE
	EndGlobalSection
	GlobalSection(ExtensibilityGlobals) = postSolution
		SolutionGuid = {D2C3D63C-57D6-41A6-87C9-5AC6EC221A38}
	EndGlobalSection
EndGlobal
